{
  "requires": true,
  "lockfileVersion": 1,
  "dependencies": {
    "ngx-mask": {
      "version": "7.3.5",
      "resolved": "https://registry.npmjs.org/ngx-mask/-/ngx-mask-7.3.5.tgz",
      "integrity": "sha512-/k98c4X03iSral9jZ0jkmalvlE1P4xb8G9VG5L0lw1S4rcDX28lTnpvmM2JO9//n8ky0xZjtkM8n+FHkZ3k5/g==",
      "requires": {
        "tslib": "^1.9.0"
      }
    },
    "tslib": {
      "version": "1.9.3",
      "resolved": "https://registry.npmjs.org/tslib/-/tslib-1.9.3.tgz",
      "integrity": "sha512-4krF8scpejhaOgqzBEcGM7yDIEfi0/8+8zDRZhNZZ2kjmHJ4hv3zCbQWxoJGz1iw5U0Jl0nma13xzHXcncMavQ=="
    }
  }
}
