
Microsoft Visual Studio Solution File, Format Version 12.00
# Visual Studio 15
VisualStudioVersion = 15.0.26124.0
MinimumVisualStudioVersion = 15.0.26124.0
Project("{FAE04EC0-301F-11D3-BF4B-00C04F79EFBC}") = "PerftEvaluation.Api", "Projects\PerftEvaluation.Api\PerftEvaluation.Api.csproj", "{F828F3B1-75BF-4198-8F90-522398E390A0}"
EndProject
Project("{2150E333-8FDC-42A3-9474-1A3956D46DE8}") = "Core", "Core", "{10BE4810-188A-11E9-81C1-091B403C5783}"
EndProject
Project("{2150E333-8FDC-42A3-9474-1A3956D46DE8}") = "Infrastructure", "Infrastructure", "{1FDAB090-188A-11E9-81C1-091B403C5783}"
EndProject
Project("{2150E333-8FDC-42A3-9474-1A3956D46DE8}") = "Projects", "Projects", "{244843E0-188A-11E9-81C1-091B403C5783}"
EndProject
Project("{FAE04EC0-301F-11D3-BF4B-00C04F79EFBC}") = "PerftEvaluation.Identity", "Projects\PerftEvaluation.Identity\PerftEvaluation.Identity.csproj", "{D9ACFEAC-4927-4F30-8CE4-BBEFF3811474}"
EndProject
Project("{2150E333-8FDC-42A3-9474-1A3956D46DE8}") = "Tests", "Tests", "{BC056F7E-B06C-4CA1-A4F9-DA253175AA5E}"
EndProject
Project("{FAE04EC0-301F-11D3-BF4B-00C04F79EFBC}") = "PerftEvaluation.Test", "Test\PerftEvaluation.Test\PerftEvaluation.Test.csproj", "{819E8662-C88E-435C-A8A2-53DA3459236A}"
EndProject
Project("{FAE04EC0-301F-11D3-BF4B-00C04F79EFBC}") = "PerftEvaluation.BAL", "Core\PerftEvaluation.BAL\PerftEvaluation.BAL.csproj", "{D1B39F07-18A1-4E65-91F6-7A95EA73A500}"
EndProject
Project("{FAE04EC0-301F-11D3-BF4B-00C04F79EFBC}") = "PerftEvaluation.Entities", "Core\PerftEvaluation.Entities\PerftEvaluation.Entities.csproj", "{34EAB0D2-5A46-4B8D-B8A7-01F13EC95F75}"
EndProject
Project("{FAE04EC0-301F-11D3-BF4B-00C04F79EFBC}") = "PerftEvaluation.DAL", "Infrastructure\PerftEvaluation.DAL\PerftEvaluation.DAL.csproj", "{51BCCF64-A463-44F2-B04A-D1C8ACF2B0A3}"
EndProject
Project("{FAE04EC0-301F-11D3-BF4B-00C04F79EFBC}") = "PerftEvaluation.Helper", "Infrastructure\PerftEvaluation.Helper\PerftEvaluation.Helper.csproj", "{7A71151E-F6DA-4FC7-AF5F-E7AB4CDC338F}"
EndProject
Project("{FAE04EC0-301F-11D3-BF4B-00C04F79EFBC}") = "PerftEvaluation.DTO", "Infrastructure\PerftEvaluation.DTO\PerftEvaluation.DTO.csproj", "{FEB6AF60-3692-4765-8234-D853D045C232}"
EndProject
Project("{2150E333-8FDC-42A3-9474-1A3956D46DE8}") = "UnitTests", "UnitTests", "{47D5E9F0-1E27-11E9-9482-D34970154766}"
EndProject
Project("{FAE04EC0-301F-11D3-BF4B-00C04F79EFBC}") = "PerftEvaluation.OcelotApiGw", "Projects\PerftEvaluation.OcelotApiGw\PerftEvaluation.OcelotApiGw.csproj", "{F7DEB340-D6FD-41C9-BF50-D583A1E0A817}"
EndProject
Project("{FAE04EC0-301F-11D3-BF4B-00C04F79EFBC}") = "PerfiEvaluation.Identity.Mongo", "Infrastructure\PerfiEvaluation.Identity.Mongo\PerfiEvaluation.Identity.Mongo.csproj", "{69955811-797C-4766-A1C3-EAAAB8918761}"
EndProject
Project("{FAE04EC0-301F-11D3-BF4B-00C04F79EFBC}") = "PerftEvaluation.UserRegisteration", "Projects\PerftEvaluation.UserRegisteration\PerftEvaluation.UserRegisteration.csproj", "{6F7926A6-DA53-45EC-AFDE-44A5B904AC89}"
EndProject
Global
	GlobalSection(SolutionConfigurationPlatforms) = preSolution
		Debug|Any CPU = Debug|Any CPU
		Debug|x64 = Debug|x64
		Debug|x86 = Debug|x86
		Release|Any CPU = Release|Any CPU
		Release|x64 = Release|x64
		Release|x86 = Release|x86
	EndGlobalSection
	GlobalSection(SolutionProperties) = preSolution
		HideSolutionNode = FALSE
	EndGlobalSection
	GlobalSection(ProjectConfigurationPlatforms) = postSolution
		{F828F3B1-75BF-4198-8F90-522398E390A0}.Debug|Any CPU.ActiveCfg = Debug|Any CPU
		{F828F3B1-75BF-4198-8F90-522398E390A0}.Debug|Any CPU.Build.0 = Debug|Any CPU
		{F828F3B1-75BF-4198-8F90-522398E390A0}.Debug|x64.ActiveCfg = Debug|Any CPU
		{F828F3B1-75BF-4198-8F90-522398E390A0}.Debug|x64.Build.0 = Debug|Any CPU
		{F828F3B1-75BF-4198-8F90-522398E390A0}.Debug|x86.ActiveCfg = Debug|Any CPU
		{F828F3B1-75BF-4198-8F90-522398E390A0}.Debug|x86.Build.0 = Debug|Any CPU
		{F828F3B1-75BF-4198-8F90-522398E390A0}.Release|Any CPU.ActiveCfg = Release|Any CPU
		{F828F3B1-75BF-4198-8F90-522398E390A0}.Release|Any CPU.Build.0 = Release|Any CPU
		{F828F3B1-75BF-4198-8F90-522398E390A0}.Release|x64.ActiveCfg = Release|Any CPU
		{F828F3B1-75BF-4198-8F90-522398E390A0}.Release|x64.Build.0 = Release|Any CPU
		{F828F3B1-75BF-4198-8F90-522398E390A0}.Release|x86.ActiveCfg = Release|Any CPU
		{F828F3B1-75BF-4198-8F90-522398E390A0}.Release|x86.Build.0 = Release|Any CPU
		{D9ACFEAC-4927-4F30-8CE4-BBEFF3811474}.Debug|Any CPU.ActiveCfg = Debug|Any CPU
		{D9ACFEAC-4927-4F30-8CE4-BBEFF3811474}.Debug|Any CPU.Build.0 = Debug|Any CPU
		{D9ACFEAC-4927-4F30-8CE4-BBEFF3811474}.Debug|x64.ActiveCfg = Debug|Any CPU
		{D9ACFEAC-4927-4F30-8CE4-BBEFF3811474}.Debug|x64.Build.0 = Debug|Any CPU
		{D9ACFEAC-4927-4F30-8CE4-BBEFF3811474}.Debug|x86.ActiveCfg = Debug|Any CPU
		{D9ACFEAC-4927-4F30-8CE4-BBEFF3811474}.Debug|x86.Build.0 = Debug|Any CPU
		{D9ACFEAC-4927-4F30-8CE4-BBEFF3811474}.Release|Any CPU.ActiveCfg = Release|Any CPU
		{D9ACFEAC-4927-4F30-8CE4-BBEFF3811474}.Release|Any CPU.Build.0 = Release|Any CPU
		{D9ACFEAC-4927-4F30-8CE4-BBEFF3811474}.Release|x64.ActiveCfg = Release|Any CPU
		{D9ACFEAC-4927-4F30-8CE4-BBEFF3811474}.Release|x64.Build.0 = Release|Any CPU
		{D9ACFEAC-4927-4F30-8CE4-BBEFF3811474}.Release|x86.ActiveCfg = Release|Any CPU
		{D9ACFEAC-4927-4F30-8CE4-BBEFF3811474}.Release|x86.Build.0 = Release|Any CPU
		{819E8662-C88E-435C-A8A2-53DA3459236A}.Debug|Any CPU.ActiveCfg = Debug|Any CPU
		{819E8662-C88E-435C-A8A2-53DA3459236A}.Debug|Any CPU.Build.0 = Debug|Any CPU
		{819E8662-C88E-435C-A8A2-53DA3459236A}.Debug|x64.ActiveCfg = Debug|Any CPU
		{819E8662-C88E-435C-A8A2-53DA3459236A}.Debug|x64.Build.0 = Debug|Any CPU
		{819E8662-C88E-435C-A8A2-53DA3459236A}.Debug|x86.ActiveCfg = Debug|Any CPU
		{819E8662-C88E-435C-A8A2-53DA3459236A}.Debug|x86.Build.0 = Debug|Any CPU
		{819E8662-C88E-435C-A8A2-53DA3459236A}.Release|Any CPU.ActiveCfg = Release|Any CPU
		{819E8662-C88E-435C-A8A2-53DA3459236A}.Release|Any CPU.Build.0 = Release|Any CPU
		{819E8662-C88E-435C-A8A2-53DA3459236A}.Release|x64.ActiveCfg = Release|Any CPU
		{819E8662-C88E-435C-A8A2-53DA3459236A}.Release|x64.Build.0 = Release|Any CPU
		{819E8662-C88E-435C-A8A2-53DA3459236A}.Release|x86.ActiveCfg = Release|Any CPU
		{819E8662-C88E-435C-A8A2-53DA3459236A}.Release|x86.Build.0 = Release|Any CPU
		{D1B39F07-18A1-4E65-91F6-7A95EA73A500}.Debug|Any CPU.ActiveCfg = Debug|Any CPU
		{D1B39F07-18A1-4E65-91F6-7A95EA73A500}.Debug|Any CPU.Build.0 = Debug|Any CPU
		{D1B39F07-18A1-4E65-91F6-7A95EA73A500}.Debug|x64.ActiveCfg = Debug|Any CPU
		{D1B39F07-18A1-4E65-91F6-7A95EA73A500}.Debug|x64.Build.0 = Debug|Any CPU
		{D1B39F07-18A1-4E65-91F6-7A95EA73A500}.Debug|x86.ActiveCfg = Debug|Any CPU
		{D1B39F07-18A1-4E65-91F6-7A95EA73A500}.Debug|x86.Build.0 = Debug|Any CPU
		{D1B39F07-18A1-4E65-91F6-7A95EA73A500}.Release|Any CPU.ActiveCfg = Release|Any CPU
		{D1B39F07-18A1-4E65-91F6-7A95EA73A500}.Release|Any CPU.Build.0 = Release|Any CPU
		{D1B39F07-18A1-4E65-91F6-7A95EA73A500}.Release|x64.ActiveCfg = Release|Any CPU
		{D1B39F07-18A1-4E65-91F6-7A95EA73A500}.Release|x64.Build.0 = Release|Any CPU
		{D1B39F07-18A1-4E65-91F6-7A95EA73A500}.Release|x86.ActiveCfg = Release|Any CPU
		{D1B39F07-18A1-4E65-91F6-7A95EA73A500}.Release|x86.Build.0 = Release|Any CPU
		{34EAB0D2-5A46-4B8D-B8A7-01F13EC95F75}.Debug|Any CPU.ActiveCfg = Debug|Any CPU
		{34EAB0D2-5A46-4B8D-B8A7-01F13EC95F75}.Debug|Any CPU.Build.0 = Debug|Any CPU
		{34EAB0D2-5A46-4B8D-B8A7-01F13EC95F75}.Debug|x64.ActiveCfg = Debug|Any CPU
		{34EAB0D2-5A46-4B8D-B8A7-01F13EC95F75}.Debug|x64.Build.0 = Debug|Any CPU
		{34EAB0D2-5A46-4B8D-B8A7-01F13EC95F75}.Debug|x86.ActiveCfg = Debug|Any CPU
		{34EAB0D2-5A46-4B8D-B8A7-01F13EC95F75}.Debug|x86.Build.0 = Debug|Any CPU
		{34EAB0D2-5A46-4B8D-B8A7-01F13EC95F75}.Release|Any CPU.ActiveCfg = Release|Any CPU
		{34EAB0D2-5A46-4B8D-B8A7-01F13EC95F75}.Release|Any CPU.Build.0 = Release|Any CPU
		{34EAB0D2-5A46-4B8D-B8A7-01F13EC95F75}.Release|x64.ActiveCfg = Release|Any CPU
		{34EAB0D2-5A46-4B8D-B8A7-01F13EC95F75}.Release|x64.Build.0 = Release|Any CPU
		{34EAB0D2-5A46-4B8D-B8A7-01F13EC95F75}.Release|x86.ActiveCfg = Release|Any CPU
		{34EAB0D2-5A46-4B8D-B8A7-01F13EC95F75}.Release|x86.Build.0 = Release|Any CPU
		{51BCCF64-A463-44F2-B04A-D1C8ACF2B0A3}.Debug|Any CPU.ActiveCfg = Debug|Any CPU
		{51BCCF64-A463-44F2-B04A-D1C8ACF2B0A3}.Debug|Any CPU.Build.0 = Debug|Any CPU
		{51BCCF64-A463-44F2-B04A-D1C8ACF2B0A3}.Debug|x64.ActiveCfg = Debug|Any CPU
		{51BCCF64-A463-44F2-B04A-D1C8ACF2B0A3}.Debug|x64.Build.0 = Debug|Any CPU
		{51BCCF64-A463-44F2-B04A-D1C8ACF2B0A3}.Debug|x86.ActiveCfg = Debug|Any CPU
		{51BCCF64-A463-44F2-B04A-D1C8ACF2B0A3}.Debug|x86.Build.0 = Debug|Any CPU
		{51BCCF64-A463-44F2-B04A-D1C8ACF2B0A3}.Release|Any CPU.ActiveCfg = Release|Any CPU
		{51BCCF64-A463-44F2-B04A-D1C8ACF2B0A3}.Release|Any CPU.Build.0 = Release|Any CPU
		{51BCCF64-A463-44F2-B04A-D1C8ACF2B0A3}.Release|x64.ActiveCfg = Release|Any CPU
		{51BCCF64-A463-44F2-B04A-D1C8ACF2B0A3}.Release|x64.Build.0 = Release|Any CPU
		{51BCCF64-A463-44F2-B04A-D1C8ACF2B0A3}.Release|x86.ActiveCfg = Release|Any CPU
		{51BCCF64-A463-44F2-B04A-D1C8ACF2B0A3}.Release|x86.Build.0 = Release|Any CPU
		{7A71151E-F6DA-4FC7-AF5F-E7AB4CDC338F}.Debug|Any CPU.ActiveCfg = Debug|Any CPU
		{7A71151E-F6DA-4FC7-AF5F-E7AB4CDC338F}.Debug|Any CPU.Build.0 = Debug|Any CPU
		{7A71151E-F6DA-4FC7-AF5F-E7AB4CDC338F}.Debug|x64.ActiveCfg = Debug|Any CPU
		{7A71151E-F6DA-4FC7-AF5F-E7AB4CDC338F}.Debug|x64.Build.0 = Debug|Any CPU
		{7A71151E-F6DA-4FC7-AF5F-E7AB4CDC338F}.Debug|x86.ActiveCfg = Debug|Any CPU
		{7A71151E-F6DA-4FC7-AF5F-E7AB4CDC338F}.Debug|x86.Build.0 = Debug|Any CPU
		{7A71151E-F6DA-4FC7-AF5F-E7AB4CDC338F}.Release|Any CPU.ActiveCfg = Release|Any CPU
		{7A71151E-F6DA-4FC7-AF5F-E7AB4CDC338F}.Release|Any CPU.Build.0 = Release|Any CPU
		{7A71151E-F6DA-4FC7-AF5F-E7AB4CDC338F}.Release|x64.ActiveCfg = Release|Any CPU
		{7A71151E-F6DA-4FC7-AF5F-E7AB4CDC338F}.Release|x64.Build.0 = Release|Any CPU
		{7A71151E-F6DA-4FC7-AF5F-E7AB4CDC338F}.Release|x86.ActiveCfg = Release|Any CPU
		{7A71151E-F6DA-4FC7-AF5F-E7AB4CDC338F}.Release|x86.Build.0 = Release|Any CPU
		{FEB6AF60-3692-4765-8234-D853D045C232}.Debug|Any CPU.ActiveCfg = Debug|Any CPU
		{FEB6AF60-3692-4765-8234-D853D045C232}.Debug|Any CPU.Build.0 = Debug|Any CPU
		{FEB6AF60-3692-4765-8234-D853D045C232}.Debug|x64.ActiveCfg = Debug|Any CPU
		{FEB6AF60-3692-4765-8234-D853D045C232}.Debug|x64.Build.0 = Debug|Any CPU
		{FEB6AF60-3692-4765-8234-D853D045C232}.Debug|x86.ActiveCfg = Debug|Any CPU
		{FEB6AF60-3692-4765-8234-D853D045C232}.Debug|x86.Build.0 = Debug|Any CPU
		{FEB6AF60-3692-4765-8234-D853D045C232}.Release|Any CPU.ActiveCfg = Release|Any CPU
		{FEB6AF60-3692-4765-8234-D853D045C232}.Release|Any CPU.Build.0 = Release|Any CPU
		{FEB6AF60-3692-4765-8234-D853D045C232}.Release|x64.ActiveCfg = Release|Any CPU
		{FEB6AF60-3692-4765-8234-D853D045C232}.Release|x64.Build.0 = Release|Any CPU
		{FEB6AF60-3692-4765-8234-D853D045C232}.Release|x86.ActiveCfg = Release|Any CPU
		{FEB6AF60-3692-4765-8234-D853D045C232}.Release|x86.Build.0 = Release|Any CPU
		{F7DEB340-D6FD-41C9-BF50-D583A1E0A817}.Debug|Any CPU.ActiveCfg = Debug|Any CPU
		{F7DEB340-D6FD-41C9-BF50-D583A1E0A817}.Debug|Any CPU.Build.0 = Debug|Any CPU
		{F7DEB340-D6FD-41C9-BF50-D583A1E0A817}.Debug|x64.ActiveCfg = Debug|Any CPU
		{F7DEB340-D6FD-41C9-BF50-D583A1E0A817}.Debug|x64.Build.0 = Debug|Any CPU
		{F7DEB340-D6FD-41C9-BF50-D583A1E0A817}.Debug|x86.ActiveCfg = Debug|Any CPU
		{F7DEB340-D6FD-41C9-BF50-D583A1E0A817}.Debug|x86.Build.0 = Debug|Any CPU
		{F7DEB340-D6FD-41C9-BF50-D583A1E0A817}.Release|Any CPU.ActiveCfg = Release|Any CPU
		{F7DEB340-D6FD-41C9-BF50-D583A1E0A817}.Release|Any CPU.Build.0 = Release|Any CPU
		{F7DEB340-D6FD-41C9-BF50-D583A1E0A817}.Release|x64.ActiveCfg = Release|Any CPU
		{F7DEB340-D6FD-41C9-BF50-D583A1E0A817}.Release|x64.Build.0 = Release|Any CPU
		{F7DEB340-D6FD-41C9-BF50-D583A1E0A817}.Release|x86.ActiveCfg = Release|Any CPU
		{F7DEB340-D6FD-41C9-BF50-D583A1E0A817}.Release|x86.Build.0 = Release|Any CPU
		{69955811-797C-4766-A1C3-EAAAB8918761}.Debug|Any CPU.ActiveCfg = Debug|Any CPU
		{69955811-797C-4766-A1C3-EAAAB8918761}.Debug|Any CPU.Build.0 = Debug|Any CPU
		{69955811-797C-4766-A1C3-EAAAB8918761}.Debug|x64.ActiveCfg = Debug|Any CPU
		{69955811-797C-4766-A1C3-EAAAB8918761}.Debug|x64.Build.0 = Debug|Any CPU
		{69955811-797C-4766-A1C3-EAAAB8918761}.Debug|x86.ActiveCfg = Debug|Any CPU
		{69955811-797C-4766-A1C3-EAAAB8918761}.Debug|x86.Build.0 = Debug|Any CPU
		{69955811-797C-4766-A1C3-EAAAB8918761}.Release|Any CPU.ActiveCfg = Release|Any CPU
		{69955811-797C-4766-A1C3-EAAAB8918761}.Release|Any CPU.Build.0 = Release|Any CPU
		{69955811-797C-4766-A1C3-EAAAB8918761}.Release|x64.ActiveCfg = Release|Any CPU
		{69955811-797C-4766-A1C3-EAAAB8918761}.Release|x64.Build.0 = Release|Any CPU
		{69955811-797C-4766-A1C3-EAAAB8918761}.Release|x86.ActiveCfg = Release|Any CPU
		{69955811-797C-4766-A1C3-EAAAB8918761}.Release|x86.Build.0 = Release|Any CPU
		{6F7926A6-DA53-45EC-AFDE-44A5B904AC89}.Debug|Any CPU.ActiveCfg = Debug|Any CPU
		{6F7926A6-DA53-45EC-AFDE-44A5B904AC89}.Debug|Any CPU.Build.0 = Debug|Any CPU
		{6F7926A6-DA53-45EC-AFDE-44A5B904AC89}.Debug|x64.ActiveCfg = Debug|Any CPU
		{6F7926A6-DA53-45EC-AFDE-44A5B904AC89}.Debug|x64.Build.0 = Debug|Any CPU
		{6F7926A6-DA53-45EC-AFDE-44A5B904AC89}.Debug|x86.ActiveCfg = Debug|Any CPU
		{6F7926A6-DA53-45EC-AFDE-44A5B904AC89}.Debug|x86.Build.0 = Debug|Any CPU
		{6F7926A6-DA53-45EC-AFDE-44A5B904AC89}.Release|Any CPU.ActiveCfg = Release|Any CPU
		{6F7926A6-DA53-45EC-AFDE-44A5B904AC89}.Release|Any CPU.Build.0 = Release|Any CPU
		{6F7926A6-DA53-45EC-AFDE-44A5B904AC89}.Release|x64.ActiveCfg = Release|Any CPU
		{6F7926A6-DA53-45EC-AFDE-44A5B904AC89}.Release|x64.Build.0 = Release|Any CPU
		{6F7926A6-DA53-45EC-AFDE-44A5B904AC89}.Release|x86.ActiveCfg = Release|Any CPU
		{6F7926A6-DA53-45EC-AFDE-44A5B904AC89}.Release|x86.Build.0 = Release|Any CPU
	EndGlobalSection
	GlobalSection(NestedProjects) = preSolution
		{47D5E9F0-1E27-11E9-9482-D34970154766} = {BC056F7E-B06C-4CA1-A4F9-DA253175AA5E}
		{F828F3B1-75BF-4198-8F90-522398E390A0} = {244843E0-188A-11E9-81C1-091B403C5783}
		{D9ACFEAC-4927-4F30-8CE4-BBEFF3811474} = {244843E0-188A-11E9-81C1-091B403C5783}
		{819E8662-C88E-435C-A8A2-53DA3459236A} = {47D5E9F0-1E27-11E9-9482-D34970154766}
		{D1B39F07-18A1-4E65-91F6-7A95EA73A500} = {10BE4810-188A-11E9-81C1-091B403C5783}
		{34EAB0D2-5A46-4B8D-B8A7-01F13EC95F75} = {10BE4810-188A-11E9-81C1-091B403C5783}
		{51BCCF64-A463-44F2-B04A-D1C8ACF2B0A3} = {1FDAB090-188A-11E9-81C1-091B403C5783}
		{7A71151E-F6DA-4FC7-AF5F-E7AB4CDC338F} = {1FDAB090-188A-11E9-81C1-091B403C5783}
		{FEB6AF60-3692-4765-8234-D853D045C232} = {1FDAB090-188A-11E9-81C1-091B403C5783}
		{F7DEB340-D6FD-41C9-BF50-D583A1E0A817} = {244843E0-188A-11E9-81C1-091B403C5783}
		{69955811-797C-4766-A1C3-EAAAB8918761} = {1FDAB090-188A-11E9-81C1-091B403C5783}
		{6F7926A6-DA53-45EC-AFDE-44A5B904AC89} = {244843E0-188A-11E9-81C1-091B403C5783}
	EndGlobalSection
EndGlobal
