
Microsoft Visual Studio Solution File, Format Version 12.00
# Visual Studio 15
VisualStudioVersion = 15.0.26124.0
MinimumVisualStudioVersion = 15.0.26124.0
Project("{2150E333-8FDC-42A3-9474-1A3956D46DE8}") = "Projects", "Projects", "{0AEEC569-4139-45A4-B484-59484BDFBB2E}"
EndProject
Project("{FAE04EC0-301F-11D3-BF4B-00C04F79EFBC}") = "PerfiEvaluation.API", "Projects\PerfiEvaluation.API\PerfiEvaluation.API.csproj", "{FFC32E66-962F-4399-B9B1-D3DBBD421E05}"
EndProject
Project("{2150E333-8FDC-42A3-9474-1A3956D46DE8}") = "Core", "Core", "{6F160F77-974C-4A6F-973D-68033E8A4A4A}"
EndProject
Project("{FAE04EC0-301F-11D3-BF4B-00C04F79EFBC}") = "PerfiEvaluation.DAL", "Core\PerfiEvaluation.DAL\PerfiEvaluation.DAL.csproj", "{9411A0E6-3624-4AB2-AF8F-39CED5F6DBC4}"
EndProject
Project("{2150E333-8FDC-42A3-9474-1A3956D46DE8}") = "Infrastructure", "Infrastructure", "{CC1D1E8C-7D4F-4BF9-8F8D-BCDF47613A8F}"
EndProject
Project("{FAE04EC0-301F-11D3-BF4B-00C04F79EFBC}") = "PerfiEvaluation.BAL", "Infrastructure\PerfiEvaluation.BAL\PerfiEvaluation.BAL.csproj", "{63618B39-82AE-4BB6-951F-FCAEF5BAA445}"
EndProject
Project("{FAE04EC0-301F-11D3-BF4B-00C04F79EFBC}") = "PerfiEvaluation.BusinessEntities", "Infrastructure\PerfiEvaluation.BusinessEntities\PerfiEvaluation.BusinessEntities.csproj", "{467F951D-4E81-4E44-AFF3-03D162BD893A}"
EndProject
Global
	GlobalSection(SolutionConfigurationPlatforms) = preSolution
		Debug|Any CPU = Debug|Any CPU
		Debug|x64 = Debug|x64
		Debug|x86 = Debug|x86
		Release|Any CPU = Release|Any CPU
		Release|x64 = Release|x64
		Release|x86 = Release|x86
	EndGlobalSection
	GlobalSection(SolutionProperties) = preSolution
		HideSolutionNode = FALSE
	EndGlobalSection
	GlobalSection(ProjectConfigurationPlatforms) = postSolution
		{FFC32E66-962F-4399-B9B1-D3DBBD421E05}.Debug|Any CPU.ActiveCfg = Debug|Any CPU
		{FFC32E66-962F-4399-B9B1-D3DBBD421E05}.Debug|Any CPU.Build.0 = Debug|Any CPU
		{FFC32E66-962F-4399-B9B1-D3DBBD421E05}.Debug|x64.ActiveCfg = Debug|Any CPU
		{FFC32E66-962F-4399-B9B1-D3DBBD421E05}.Debug|x64.Build.0 = Debug|Any CPU
		{FFC32E66-962F-4399-B9B1-D3DBBD421E05}.Debug|x86.ActiveCfg = Debug|Any CPU
		{FFC32E66-962F-4399-B9B1-D3DBBD421E05}.Debug|x86.Build.0 = Debug|Any CPU
		{FFC32E66-962F-4399-B9B1-D3DBBD421E05}.Release|Any CPU.ActiveCfg = Release|Any CPU
		{FFC32E66-962F-4399-B9B1-D3DBBD421E05}.Release|Any CPU.Build.0 = Release|Any CPU
		{FFC32E66-962F-4399-B9B1-D3DBBD421E05}.Release|x64.ActiveCfg = Release|Any CPU
		{FFC32E66-962F-4399-B9B1-D3DBBD421E05}.Release|x64.Build.0 = Release|Any CPU
		{FFC32E66-962F-4399-B9B1-D3DBBD421E05}.Release|x86.ActiveCfg = Release|Any CPU
		{FFC32E66-962F-4399-B9B1-D3DBBD421E05}.Release|x86.Build.0 = Release|Any CPU
		{9411A0E6-3624-4AB2-AF8F-39CED5F6DBC4}.Debug|Any CPU.ActiveCfg = Debug|Any CPU
		{9411A0E6-3624-4AB2-AF8F-39CED5F6DBC4}.Debug|Any CPU.Build.0 = Debug|Any CPU
		{9411A0E6-3624-4AB2-AF8F-39CED5F6DBC4}.Debug|x64.ActiveCfg = Debug|Any CPU
		{9411A0E6-3624-4AB2-AF8F-39CED5F6DBC4}.Debug|x64.Build.0 = Debug|Any CPU
		{9411A0E6-3624-4AB2-AF8F-39CED5F6DBC4}.Debug|x86.ActiveCfg = Debug|Any CPU
		{9411A0E6-3624-4AB2-AF8F-39CED5F6DBC4}.Debug|x86.Build.0 = Debug|Any CPU
		{9411A0E6-3624-4AB2-AF8F-39CED5F6DBC4}.Release|Any CPU.ActiveCfg = Release|Any CPU
		{9411A0E6-3624-4AB2-AF8F-39CED5F6DBC4}.Release|Any CPU.Build.0 = Release|Any CPU
		{9411A0E6-3624-4AB2-AF8F-39CED5F6DBC4}.Release|x64.ActiveCfg = Release|Any CPU
		{9411A0E6-3624-4AB2-AF8F-39CED5F6DBC4}.Release|x64.Build.0 = Release|Any CPU
		{9411A0E6-3624-4AB2-AF8F-39CED5F6DBC4}.Release|x86.ActiveCfg = Release|Any CPU
		{9411A0E6-3624-4AB2-AF8F-39CED5F6DBC4}.Release|x86.Build.0 = Release|Any CPU
		{63618B39-82AE-4BB6-951F-FCAEF5BAA445}.Debug|Any CPU.ActiveCfg = Debug|Any CPU
		{63618B39-82AE-4BB6-951F-FCAEF5BAA445}.Debug|Any CPU.Build.0 = Debug|Any CPU
		{63618B39-82AE-4BB6-951F-FCAEF5BAA445}.Debug|x64.ActiveCfg = Debug|Any CPU
		{63618B39-82AE-4BB6-951F-FCAEF5BAA445}.Debug|x64.Build.0 = Debug|Any CPU
		{63618B39-82AE-4BB6-951F-FCAEF5BAA445}.Debug|x86.ActiveCfg = Debug|Any CPU
		{63618B39-82AE-4BB6-951F-FCAEF5BAA445}.Debug|x86.Build.0 = Debug|Any CPU
		{63618B39-82AE-4BB6-951F-FCAEF5BAA445}.Release|Any CPU.ActiveCfg = Release|Any CPU
		{63618B39-82AE-4BB6-951F-FCAEF5BAA445}.Release|Any CPU.Build.0 = Release|Any CPU
		{63618B39-82AE-4BB6-951F-FCAEF5BAA445}.Release|x64.ActiveCfg = Release|Any CPU
		{63618B39-82AE-4BB6-951F-FCAEF5BAA445}.Release|x64.Build.0 = Release|Any CPU
		{63618B39-82AE-4BB6-951F-FCAEF5BAA445}.Release|x86.ActiveCfg = Release|Any CPU
		{63618B39-82AE-4BB6-951F-FCAEF5BAA445}.Release|x86.Build.0 = Release|Any CPU
		{467F951D-4E81-4E44-AFF3-03D162BD893A}.Debug|Any CPU.ActiveCfg = Debug|Any CPU
		{467F951D-4E81-4E44-AFF3-03D162BD893A}.Debug|Any CPU.Build.0 = Debug|Any CPU
		{467F951D-4E81-4E44-AFF3-03D162BD893A}.Debug|x64.ActiveCfg = Debug|Any CPU
		{467F951D-4E81-4E44-AFF3-03D162BD893A}.Debug|x64.Build.0 = Debug|Any CPU
		{467F951D-4E81-4E44-AFF3-03D162BD893A}.Debug|x86.ActiveCfg = Debug|Any CPU
		{467F951D-4E81-4E44-AFF3-03D162BD893A}.Debug|x86.Build.0 = Debug|Any CPU
		{467F951D-4E81-4E44-AFF3-03D162BD893A}.Release|Any CPU.ActiveCfg = Release|Any CPU
		{467F951D-4E81-4E44-AFF3-03D162BD893A}.Release|Any CPU.Build.0 = Release|Any CPU
		{467F951D-4E81-4E44-AFF3-03D162BD893A}.Release|x64.ActiveCfg = Release|Any CPU
		{467F951D-4E81-4E44-AFF3-03D162BD893A}.Release|x64.Build.0 = Release|Any CPU
		{467F951D-4E81-4E44-AFF3-03D162BD893A}.Release|x86.ActiveCfg = Release|Any CPU
		{467F951D-4E81-4E44-AFF3-03D162BD893A}.Release|x86.Build.0 = Release|Any CPU
	EndGlobalSection
	GlobalSection(NestedProjects) = preSolution
		{FFC32E66-962F-4399-B9B1-D3DBBD421E05} = {0AEEC569-4139-45A4-B484-59484BDFBB2E}
		{9411A0E6-3624-4AB2-AF8F-39CED5F6DBC4} = {6F160F77-974C-4A6F-973D-68033E8A4A4A}
		{63618B39-82AE-4BB6-951F-FCAEF5BAA445} = {CC1D1E8C-7D4F-4BF9-8F8D-BCDF47613A8F}
		{467F951D-4E81-4E44-AFF3-03D162BD893A} = {6F160F77-974C-4A6F-973D-68033E8A4A4A}
	EndGlobalSection
EndGlobal
